// !$*UTF8*$!
{
	archiveVersion = 1;
	classes = {
	};
	objectVersion = 56;
	objects = {

/* Begin PBXBuildFile section */
		189060CD29B0F4EC008CE987 /* AppDelegate.swift in Sources */ = {isa = PBXBuildFile; fileRef = 189060CC29B0F4EC008CE987 /* AppDelegate.swift */; };
		189060CF29B0F4EC008CE987 /* SceneDelegate.swift in Sources */ = {isa = PBXBuildFile; fileRef = 189060CE29B0F4EC008CE987 /* SceneDelegate.swift */; };
		189060D129B0F4EC008CE987 /* ViewController.swift in Sources */ = {isa = PBXBuildFile; fileRef = 189060D029B0F4EC008CE987 /* ViewController.swift */; };
		189060D429B0F4EC008CE987 /* Main.storyboard in Resources */ = {isa = PBXBuildFile; fileRef = 189060D229B0F4EC008CE987 /* Main.storyboard */; };
		189060D629B0F4ED008CE987 /* Assets.xcassets in Resources */ = {isa = PBXBuildFile; fileRef = 189060D529B0F4ED008CE987 /* Assets.xcassets */; };
		189060D929B0F4ED008CE987 /* LaunchScreen.storyboard in Resources */ = {isa = PBXBuildFile; fileRef = 189060D729B0F4ED008CE987 /* LaunchScreen.storyboard */; };
		189060E429B0F4EE008CE987 /* OzinsheTests.swift in Sources */ = {isa = PBXBuildFile; fileRef = 189060E329B0F4EE008CE987 /* OzinsheTests.swift */; };
		189060EE29B0F4EE008CE987 /* OzinsheUITests.swift in Sources */ = {isa = PBXBuildFile; fileRef = 189060ED29B0F4EE008CE987 /* OzinsheUITests.swift */; };
		189060F029B0F4EE008CE987 /* OzinsheUITestsLaunchTests.swift in Sources */ = {isa = PBXBuildFile; fileRef = 189060EF29B0F4EE008CE987 /* OzinsheUITestsLaunchTests.swift */; };
		189060FD29B0FB67008CE987 /* TabBarController.swift in Sources */ = {isa = PBXBuildFile; fileRef = 189060FC29B0FB67008CE987 /* TabBarController.swift */; };
		1890610229B1035E008CE987 /* SFPRODISPLAYBOLD.OTF in Resources */ = {isa = PBXBuildFile; fileRef = 189060FF29B102DF008CE987 /* SFPRODISPLAYBOLD.OTF */; };
		1890610329B10360008CE987 /* SFPRODISPLAYREGULAR.OTF in Resources */ = {isa = PBXBuildFile; fileRef = 1890610029B102DF008CE987 /* SFPRODISPLAYREGULAR.OTF */; };
		1890610629B103F1008CE987 /* SF-Pro-Display-Semibold.otf in Resources */ = {isa = PBXBuildFile; fileRef = 1890610529B103F1008CE987 /* SF-Pro-Display-Semibold.otf */; };
		1890610929B10EE3008CE987 /* FavoriteTableViewController.swift in Sources */ = {isa = PBXBuildFile; fileRef = 1890610829B10EE3008CE987 /* FavoriteTableViewController.swift */; };
		1890610B29B10F86008CE987 /* MovieTableViewCell.swift in Sources */ = {isa = PBXBuildFile; fileRef = 1890610A29B10F86008CE987 /* MovieTableViewCell.swift */; };
/* End PBXBuildFile section */

/* Begin PBXContainerItemProxy section */
		189060E029B0F4EE008CE987 /* PBXContainerItemProxy */ = {
			isa = PBXContainerItemProxy;
			containerPortal = 189060C129B0F4EC008CE987 /* Project object */;
			proxyType = 1;
			remoteGlobalIDString = 189060C829B0F4EC008CE987;
			remoteInfo = Ozinshe;
		};
		189060EA29B0F4EE008CE987 /* PBXContainerItemProxy */ = {
			isa = PBXContainerItemProxy;
			containerPortal = 189060C129B0F4EC008CE987 /* Project object */;
			proxyType = 1;
			remoteGlobalIDString = 189060C829B0F4EC008CE987;
			remoteInfo = Ozinshe;
		};
/* End PBXContainerItemProxy section */

/* Begin PBXFileReference section */
		189060C929B0F4EC008CE987 /* Ozinshe.app */ = {isa = PBXFileReference; explicitFileType = wrapper.application; includeInIndex = 0; path = Ozinshe.app; sourceTree = BUILT_PRODUCTS_DIR; };
		189060CC29B0F4EC008CE987 /* AppDelegate.swift */ = {isa = PBXFileReference; lastKnownFileType = sourcecode.swift; path = AppDelegate.swift; sourceTree = "<group>"; };
		189060CE29B0F4EC008CE987 /* SceneDelegate.swift */ = {isa = PBXFileReference; lastKnownFileType = sourcecode.swift; path = SceneDelegate.swift; sourceTree = "<group>"; };
		189060D029B0F4EC008CE987 /* ViewController.swift */ = {isa = PBXFileReference; lastKnownFileType = sourcecode.swift; path = ViewController.swift; sourceTree = "<group>"; };
		189060D329B0F4EC008CE987 /* Base */ = {isa = PBXFileReference; lastKnownFileType = file.storyboard; name = Base; path = Base.lproj/Main.storyboard; sourceTree = "<group>"; };
		189060D529B0F4ED008CE987 /* Assets.xcassets */ = {isa = PBXFileReference; lastKnownFileType = folder.assetcatalog; path = Assets.xcassets; sourceTree = "<group>"; };
		189060D829B0F4ED008CE987 /* Base */ = {isa = PBXFileReference; lastKnownFileType = file.storyboard; name = Base; path = Base.lproj/LaunchScreen.storyboard; sourceTree = "<group>"; };
		189060DA29B0F4ED008CE987 /* Info.plist */ = {isa = PBXFileReference; lastKnownFileType = text.plist.xml; path = Info.plist; sourceTree = "<group>"; };
		189060DF29B0F4EE008CE987 /* OzinsheTests.xctest */ = {isa = PBXFileReference; explicitFileType = wrapper.cfbundle; includeInIndex = 0; path = OzinsheTests.xctest; sourceTree = BUILT_PRODUCTS_DIR; };
		189060E329B0F4EE008CE987 /* OzinsheTests.swift */ = {isa = PBXFileReference; lastKnownFileType = sourcecode.swift; path = OzinsheTests.swift; sourceTree = "<group>"; };
		189060E929B0F4EE008CE987 /* OzinsheUITests.xctest */ = {isa = PBXFileReference; explicitFileType = wrapper.cfbundle; includeInIndex = 0; path = OzinsheUITests.xctest; sourceTree = BUILT_PRODUCTS_DIR; };
		189060ED29B0F4EE008CE987 /* OzinsheUITests.swift */ = {isa = PBXFileReference; lastKnownFileType = sourcecode.swift; path = OzinsheUITests.swift; sourceTree = "<group>"; };
		189060EF29B0F4EE008CE987 /* OzinsheUITestsLaunchTests.swift */ = {isa = PBXFileReference; lastKnownFileType = sourcecode.swift; path = OzinsheUITestsLaunchTests.swift; sourceTree = "<group>"; };
		189060FC29B0FB67008CE987 /* TabBarController.swift */ = {isa = PBXFileReference; lastKnownFileType = sourcecode.swift; path = TabBarController.swift; sourceTree = "<group>"; };
		189060FF29B102DF008CE987 /* SFPRODISPLAYBOLD.OTF */ = {isa = PBXFileReference; lastKnownFileType = file; path = SFPRODISPLAYBOLD.OTF; sourceTree = "<group>"; };
		1890610029B102DF008CE987 /* SFPRODISPLAYREGULAR.OTF */ = {isa = PBXFileReference; lastKnownFileType = file; path = SFPRODISPLAYREGULAR.OTF; sourceTree = "<group>"; };
		1890610529B103F1008CE987 /* SF-Pro-Display-Semibold.otf */ = {isa = PBXFileReference; lastKnownFileType = file; path = "SF-Pro-Display-Semibold.otf"; sourceTree = "<group>"; };
		1890610829B10EE3008CE987 /* FavoriteTableViewController.swift */ = {isa = PBXFileReference; lastKnownFileType = sourcecode.swift; path = FavoriteTableViewController.swift; sourceTree = "<group>"; };
		1890610A29B10F86008CE987 /* MovieTableViewCell.swift */ = {isa = PBXFileReference; lastKnownFileType = sourcecode.swift; path = MovieTableViewCell.swift; sourceTree = "<group>"; };
/* End PBXFileReference section */

/* Begin PBXFrameworksBuildPhase section */
		189060C629B0F4EC008CE987 /* Frameworks */ = {
			isa = PBXFrameworksBuildPhase;
			buildActionMask = 2147483647;
			files = (
			);
			runOnlyForDeploymentPostprocessing = 0;
		};
		189060DC29B0F4EE008CE987 /* Frameworks */ = {
			isa = PBXFrameworksBuildPhase;
			buildActionMask = 2147483647;
			files = (
			);
			runOnlyForDeploymentPostprocessing = 0;
		};
		189060E629B0F4EE008CE987 /* Frameworks */ = {
			isa = PBXFrameworksBuildPhase;
			buildActionMask = 2147483647;
			files = (
			);
			runOnlyForDeploymentPostprocessing = 0;
		};
/* End PBXFrameworksBuildPhase section */

/* Begin PBXGroup section */
		189060C029B0F4EC008CE987 = {
			isa = PBXGroup;
			children = (
				189060CB29B0F4EC008CE987 /* Ozinshe */,
				189060E229B0F4EE008CE987 /* OzinsheTests */,
				189060EC29B0F4EE008CE987 /* OzinsheUITests */,
				189060CA29B0F4EC008CE987 /* Products */,
			);
			sourceTree = "<group>";
		};
		189060CA29B0F4EC008CE987 /* Products */ = {
			isa = PBXGroup;
			children = (
				189060C929B0F4EC008CE987 /* Ozinshe.app */,
				189060DF29B0F4EE008CE987 /* OzinsheTests.xctest */,
				189060E929B0F4EE008CE987 /* OzinsheUITests.xctest */,
			);
			name = Products;
			sourceTree = "<group>";
		};
		189060CB29B0F4EC008CE987 /* Ozinshe */ = {
			isa = PBXGroup;
			children = (
				189060FE29B101F1008CE987 /* Fonts */,
				189060CC29B0F4EC008CE987 /* AppDelegate.swift */,
				189060CE29B0F4EC008CE987 /* SceneDelegate.swift */,
				1890610729B10B4C008CE987 /* Controllers */,
				189060D229B0F4EC008CE987 /* Main.storyboard */,
				189060D529B0F4ED008CE987 /* Assets.xcassets */,
				189060D729B0F4ED008CE987 /* LaunchScreen.storyboard */,
				189060DA29B0F4ED008CE987 /* Info.plist */,
			);
			path = Ozinshe;
			sourceTree = "<group>";
		};
		189060E229B0F4EE008CE987 /* OzinsheTests */ = {
			isa = PBXGroup;
			children = (
				189060E329B0F4EE008CE987 /* OzinsheTests.swift */,
			);
			path = OzinsheTests;
			sourceTree = "<group>";
		};
		189060EC29B0F4EE008CE987 /* OzinsheUITests */ = {
			isa = PBXGroup;
			children = (
				189060ED29B0F4EE008CE987 /* OzinsheUITests.swift */,
				189060EF29B0F4EE008CE987 /* OzinsheUITestsLaunchTests.swift */,
			);
			path = OzinsheUITests;
			sourceTree = "<group>";
		};
		189060FE29B101F1008CE987 /* Fonts */ = {
			isa = PBXGroup;
			children = (
				1890610529B103F1008CE987 /* SF-Pro-Display-Semibold.otf */,
				189060FF29B102DF008CE987 /* SFPRODISPLAYBOLD.OTF */,
				1890610029B102DF008CE987 /* SFPRODISPLAYREGULAR.OTF */,
			);
			path = Fonts;
			sourceTree = "<group>";
		};
		1890610729B10B4C008CE987 /* Controllers */ = {
			isa = PBXGroup;
			children = (
				189060D029B0F4EC008CE987 /* ViewController.swift */,
				189060FC29B0FB67008CE987 /* TabBarController.swift */,
				1890610829B10EE3008CE987 /* FavoriteTableViewController.swift */,
				1890610A29B10F86008CE987 /* MovieTableViewCell.swift */,
			);
			path = Controllers;
			sourceTree = "<group>";
		};
/* End PBXGroup section */

/* Begin PBXNativeTarget section */
		189060C829B0F4EC008CE987 /* Ozinshe */ = {
			isa = PBXNativeTarget;
			buildConfigurationList = 189060F329B0F4EE008CE987 /* Build configuration list for PBXNativeTarget "Ozinshe" */;
			buildPhases = (
				189060C529B0F4EC008CE987 /* Sources */,
				189060C629B0F4EC008CE987 /* Frameworks */,
				189060C729B0F4EC008CE987 /* Resources */,
			);
			buildRules = (
			);
			dependencies = (
			);
			name = Ozinshe;
			productName = Ozinshe;
			productReference = 189060C929B0F4EC008CE987 /* Ozinshe.app */;
			productType = "com.apple.product-type.application";
		};
		189060DE29B0F4EE008CE987 /* OzinsheTests */ = {
			isa = PBXNativeTarget;
			buildConfigurationList = 189060F629B0F4EE008CE987 /* Build configuration list for PBXNativeTarget "OzinsheTests" */;
			buildPhases = (
				189060DB29B0F4EE008CE987 /* Sources */,
				189060DC29B0F4EE008CE987 /* Frameworks */,
				189060DD29B0F4EE008CE987 /* Resources */,
			);
			buildRules = (
			);
			dependencies = (
				189060E129B0F4EE008CE987 /* PBXTargetDependency */,
			);
			name = OzinsheTests;
			productName = OzinsheTests;
			productReference = 189060DF29B0F4EE008CE987 /* OzinsheTests.xctest */;
			productType = "com.apple.product-type.bundle.unit-test";
		};
		189060E829B0F4EE008CE987 /* OzinsheUITests */ = {
			isa = PBXNativeTarget;
			buildConfigurationList = 189060F929B0F4EE008CE987 /* Build configuration list for PBXNativeTarget "OzinsheUITests" */;
			buildPhases = (
				189060E529B0F4EE008CE987 /* Sources */,
				189060E629B0F4EE008CE987 /* Frameworks */,
				189060E729B0F4EE008CE987 /* Resources */,
			);
			buildRules = (
			);
			dependencies = (
				189060EB29B0F4EE008CE987 /* PBXTargetDependency */,
			);
			name = OzinsheUITests;
			productName = OzinsheUITests;
			productReference = 189060E929B0F4EE008CE987 /* OzinsheUITests.xctest */;
			productType = "com.apple.product-type.bundle.ui-testing";
		};
/* End PBXNativeTarget section */

/* Begin PBXProject section */
		189060C129B0F4EC008CE987 /* Project object */ = {
			isa = PBXProject;
			attributes = {
				BuildIndependentTargetsInParallel = 1;
				LastSwiftUpdateCheck = 1420;
				LastUpgradeCheck = 1420;
				TargetAttributes = {
					189060C829B0F4EC008CE987 = {
						CreatedOnToolsVersion = 14.2;
					};
					189060DE29B0F4EE008CE987 = {
						CreatedOnToolsVersion = 14.2;
						TestTargetID = 189060C829B0F4EC008CE987;
					};
					189060E829B0F4EE008CE987 = {
						CreatedOnToolsVersion = 14.2;
						TestTargetID = 189060C829B0F4EC008CE987;
					};
				};
			};
			buildConfigurationList = 189060C429B0F4EC008CE987 /* Build configuration list for PBXProject "Ozinshe" */;
			compatibilityVersion = "Xcode 14.0";
			developmentRegion = en;
			hasScannedForEncodings = 0;
			knownRegions = (
				en,
				Base,
			);
			mainGroup = 189060C029B0F4EC008CE987;
			productRefGroup = 189060CA29B0F4EC008CE987 /* Products */;
			projectDirPath = "";
			projectRoot = "";
			targets = (
				189060C829B0F4EC008CE987 /* Ozinshe */,
				189060DE29B0F4EE008CE987 /* OzinsheTests */,
				189060E829B0F4EE008CE987 /* OzinsheUITests */,
			);
		};
/* End PBXProject section */

/* Begin PBXResourcesBuildPhase section */
		189060C729B0F4EC008CE987 /* Resources */ = {
			isa = PBXResourcesBuildPhase;
			buildActionMask = 2147483647;
			files = (
				1890610629B103F1008CE987 /* SF-Pro-Display-Semibold.otf in Resources */,
				1890610229B1035E008CE987 /* SFPRODISPLAYBOLD.OTF in Resources */,
				189060D929B0F4ED008CE987 /* LaunchScreen.storyboard in Resources */,
				189060D629B0F4ED008CE987 /* Assets.xcassets in Resources */,
				1890610329B10360008CE987 /* SFPRODISPLAYREGULAR.OTF in Resources */,
				189060D429B0F4EC008CE987 /* Main.storyboard in Resources */,
			);
			runOnlyForDeploymentPostprocessing = 0;
		};
		189060DD29B0F4EE008CE987 /* Resources */ = {
			isa = PBXResourcesBuildPhase;
			buildActionMask = 2147483647;
			files = (
			);
			runOnlyForDeploymentPostprocessing = 0;
		};
		189060E729B0F4EE008CE987 /* Resources */ = {
			isa = PBXResourcesBuildPhase;
			buildActionMask = 2147483647;
			files = (
			);
			runOnlyForDeploymentPostprocessing = 0;
		};
/* End PBXResourcesBuildPhase section */

/* Begin PBXSourcesBuildPhase section */
		189060C529B0F4EC008CE987 /* Sources */ = {
			isa = PBXSourcesBuildPhase;
			buildActionMask = 2147483647;
			files = (
				1890610929B10EE3008CE987 /* FavoriteTableViewController.swift in Sources */,
				189060D129B0F4EC008CE987 /* ViewController.swift in Sources */,
				1890610B29B10F86008CE987 /* MovieTableViewCell.swift in Sources */,
				189060FD29B0FB67008CE987 /* TabBarController.swift in Sources */,
				189060CD29B0F4EC008CE987 /* AppDelegate.swift in Sources */,
				189060CF29B0F4EC008CE987 /* SceneDelegate.swift in Sources */,
			);
			runOnlyForDeploymentPostprocessing = 0;
		};
		189060DB29B0F4EE008CE987 /* Sources */ = {
			isa = PBXSourcesBuildPhase;
			buildActionMask = 2147483647;
			files = (
				189060E429B0F4EE008CE987 /* OzinsheTests.swift in Sources */,
			);
			runOnlyForDeploymentPostprocessing = 0;
		};
		189060E529B0F4EE008CE987 /* Sources */ = {
			isa = PBXSourcesBuildPhase;
			buildActionMask = 2147483647;
			files = (
				189060EE29B0F4EE008CE987 /* OzinsheUITests.swift in Sources */,
				189060F029B0F4EE008CE987 /* OzinsheUITestsLaunchTests.swift in Sources */,
			);
			runOnlyForDeploymentPostprocessing = 0;
		};
/* End PBXSourcesBuildPhase section */

/* Begin PBXTargetDependency section */
		189060E129B0F4EE008CE987 /* PBXTargetDependency */ = {
			isa = PBXTargetDependency;
			target = 189060C829B0F4EC008CE987 /* Ozinshe */;
			targetProxy = 189060E029B0F4EE008CE987 /* PBXContainerItemProxy */;
		};
		189060EB29B0F4EE008CE987 /* PBXTargetDependency */ = {
			isa = PBXTargetDependency;
			target = 189060C829B0F4EC008CE987 /* Ozinshe */;
			targetProxy = 189060EA29B0F4EE008CE987 /* PBXContainerItemProxy */;
		};
/* End PBXTargetDependency section */

/* Begin PBXVariantGroup section */
		189060D229B0F4EC008CE987 /* Main.storyboard */ = {
			isa = PBXVariantGroup;
			children = (
				189060D329B0F4EC008CE987 /* Base */,
			);
			name = Main.storyboard;
			sourceTree = "<group>";
		};
		189060D729B0F4ED008CE987 /* LaunchScreen.storyboard */ = {
			isa = PBXVariantGroup;
			children = (
				189060D829B0F4ED008CE987 /* Base */,
			);
			name = LaunchScreen.storyboard;
			sourceTree = "<group>";
		};
/* End PBXVariantGroup section */

/* Begin XCBuildConfiguration section */
		189060F129B0F4EE008CE987 /* Debug */ = {
			isa = XCBuildConfiguration;
			buildSettings = {
				ALWAYS_SEARCH_USER_PATHS = NO;
				CLANG_ANALYZER_NONNULL = YES;
				CLANG_ANALYZER_NUMBER_OBJECT_CONVERSION = YES_AGGRESSIVE;
				CLANG_CXX_LANGUAGE_STANDARD = "gnu++20";
				CLANG_ENABLE_MODULES = YES;
				CLANG_ENABLE_OBJC_ARC = YES;
				CLANG_ENABLE_OBJC_WEAK = YES;
				CLANG_WARN_BLOCK_CAPTURE_AUTORELEASING = YES;
				CLANG_WARN_BOOL_CONVERSION = YES;
				CLANG_WARN_COMMA = YES;
				CLANG_WARN_CONSTANT_CONVERSION = YES;
				CLANG_WARN_DEPRECATED_OBJC_IMPLEMENTATIONS = YES;
				CLANG_WARN_DIRECT_OBJC_ISA_USAGE = YES_ERROR;
				CLANG_WARN_DOCUMENTATION_COMMENTS = YES;
				CLANG_WARN_EMPTY_BODY = YES;
				CLANG_WARN_ENUM_CONVERSION = YES;
				CLANG_WARN_INFINITE_RECURSION = YES;
				CLANG_WARN_INT_CONVERSION = YES;
				CLANG_WARN_NON_LITERAL_NULL_CONVERSION = YES;
				CLANG_WARN_OBJC_IMPLICIT_RETAIN_SELF = YES;
				CLANG_WARN_OBJC_LITERAL_CONVERSION = YES;
				CLANG_WARN_OBJC_ROOT_CLASS = YES_ERROR;
				CLANG_WARN_QUOTED_INCLUDE_IN_FRAMEWORK_HEADER = YES;
				CLANG_WARN_RANGE_LOOP_ANALYSIS = YES;
				CLANG_WARN_STRICT_PROTOTYPES = YES;
				CLANG_WARN_SUSPICIOUS_MOVE = YES;
				CLANG_WARN_UNGUARDED_AVAILABILITY = YES_AGGRESSIVE;
				CLANG_WARN_UNREACHABLE_CODE = YES;
				CLANG_WARN__DUPLICATE_METHOD_MATCH = YES;
				COPY_PHASE_STRIP = NO;
				DEBUG_INFORMATION_FORMAT = dwarf;
				ENABLE_STRICT_OBJC_MSGSEND = YES;
				ENABLE_TESTABILITY = YES;
				GCC_C_LANGUAGE_STANDARD = gnu11;
				GCC_DYNAMIC_NO_PIC = NO;
				GCC_NO_COMMON_BLOCKS = YES;
				GCC_OPTIMIZATION_LEVEL = 0;
				GCC_PREPROCESSOR_DEFINITIONS = (
					"DEBUG=1",
					"$(inherited)",
				);
				GCC_WARN_64_TO_32_BIT_CONVERSION = YES;
				GCC_WARN_ABOUT_RETURN_TYPE = YES_ERROR;
				GCC_WARN_UNDECLARED_SELECTOR = YES;
				GCC_WARN_UNINITIALIZED_AUTOS = YES_AGGRESSIVE;
				GCC_WARN_UNUSED_FUNCTION = YES;
				GCC_WARN_UNUSED_VARIABLE = YES;
				IPHONEOS_DEPLOYMENT_TARGET = 16.2;
				MTL_ENABLE_DEBUG_INFO = INCLUDE_SOURCE;
				MTL_FAST_MATH = YES;
				ONLY_ACTIVE_ARCH = YES;
				SDKROOT = iphoneos;
				SWIFT_ACTIVE_COMPILATION_CONDITIONS = DEBUG;
				SWIFT_OPTIMIZATION_LEVEL = "-Onone";
			};
			name = Debug;
		};
		189060F229B0F4EE008CE987 /* Release */ = {
			isa = XCBuildConfiguration;
			buildSettings = {
				ALWAYS_SEARCH_USER_PATHS = NO;
				CLANG_ANALYZER_NONNULL = YES;
				CLANG_ANALYZER_NUMBER_OBJECT_CONVERSION = YES_AGGRESSIVE;
				CLANG_CXX_LANGUAGE_STANDARD = "gnu++20";
				CLANG_ENABLE_MODULES = YES;
				CLANG_ENABLE_OBJC_ARC = YES;
				CLANG_ENABLE_OBJC_WEAK = YES;
				CLANG_WARN_BLOCK_CAPTURE_AUTORELEASING = YES;
				CLANG_WARN_BOOL_CONVERSION = YES;
				CLANG_WARN_COMMA = YES;
				CLANG_WARN_CONSTANT_CONVERSION = YES;
				CLANG_WARN_DEPRECATED_OBJC_IMPLEMENTATIONS = YES;
				CLANG_WARN_DIRECT_OBJC_ISA_USAGE = YES_ERROR;
				CLANG_WARN_DOCUMENTATION_COMMENTS = YES;
				CLANG_WARN_EMPTY_BODY = YES;
				CLANG_WARN_ENUM_CONVERSION = YES;
				CLANG_WARN_INFINITE_RECURSION = YES;
				CLANG_WARN_INT_CONVERSION = YES;
				CLANG_WARN_NON_LITERAL_NULL_CONVERSION = YES;
				CLANG_WARN_OBJC_IMPLICIT_RETAIN_SELF = YES;
				CLANG_WARN_OBJC_LITERAL_CONVERSION = YES;
				CLANG_WARN_OBJC_ROOT_CLASS = YES_ERROR;
				CLANG_WARN_QUOTED_INCLUDE_IN_FRAMEWORK_HEADER = YES;
				CLANG_WARN_RANGE_LOOP_ANALYSIS = YES;
				CLANG_WARN_STRICT_PROTOTYPES = YES;
				CLANG_WARN_SUSPICIOUS_MOVE = YES;
				CLANG_WARN_UNGUARDED_AVAILABILITY = YES_AGGRESSIVE;
				CLANG_WARN_UNREACHABLE_CODE = YES;
				CLANG_WARN__DUPLICATE_METHOD_MATCH = YES;
				COPY_PHASE_STRIP = NO;
				DEBUG_INFORMATION_FORMAT = "dwarf-with-dsym";
				ENABLE_NS_ASSERTIONS = NO;
				ENABLE_STRICT_OBJC_MSGSEND = YES;
				GCC_C_LANGUAGE_STANDARD = gnu11;
				GCC_NO_COMMON_BLOCKS = YES;
				GCC_WARN_64_TO_32_BIT_CONVERSION = YES;
				GCC_WARN_ABOUT_RETURN_TYPE = YES_ERROR;
				GCC_WARN_UNDECLARED_SELECTOR = YES;
				GCC_WARN_UNINITIALIZED_AUTOS = YES_AGGRESSIVE;
				GCC_WARN_UNUSED_FUNCTION = YES;
				GCC_WARN_UNUSED_VARIABLE = YES;
				IPHONEOS_DEPLOYMENT_TARGET = 16.2;
				MTL_ENABLE_DEBUG_INFO = NO;
				MTL_FAST_MATH = YES;
				SDKROOT = iphoneos;
				SWIFT_COMPILATION_MODE = wholemodule;
				SWIFT_OPTIMIZATION_LEVEL = "-O";
				VALIDATE_PRODUCT = YES;
			};
			name = Release;
		};
		189060F429B0F4EE008CE987 /* Debug */ = {
			isa = XCBuildConfiguration;
			buildSettings = {
				ASSETCATALOG_COMPILER_APPICON_NAME = AppIcon;
				ASSETCATALOG_COMPILER_GLOBAL_ACCENT_COLOR_NAME = AccentColor;
				CODE_SIGN_STYLE = Automatic;
				CURRENT_PROJECT_VERSION = 1;
				DEVELOPMENT_TEAM = UXXC2M2SGN;
				GENERATE_INFOPLIST_FILE = YES;
				INFOPLIST_FILE = Ozinshe/Info.plist;
				INFOPLIST_KEY_CFBundleDisplayName = Ozinshe;
				INFOPLIST_KEY_UIApplicationSupportsIndirectInputEvents = YES;
				INFOPLIST_KEY_UILaunchStoryboardName = LaunchScreen;
				INFOPLIST_KEY_UIMainStoryboardFile = Main;
				INFOPLIST_KEY_UISupportedInterfaceOrientations = UIInterfaceOrientationPortrait;
				INFOPLIST_KEY_UISupportedInterfaceOrientations_iPad = "UIInterfaceOrientationLandscapeLeft UIInterfaceOrientationLandscapeRight UIInterfaceOrientationPortrait UIInterfaceOrientationPortraitUpsideDown";
				LD_RUNPATH_SEARCH_PATHS = (
					"$(inherited)",
					"@executable_path/Frameworks",
				);
				MARKETING_VERSION = 1.0;
				PRODUCT_BUNDLE_IDENTIFIER = kz.melsuly.Ozinshe;
				PRODUCT_NAME = "$(TARGET_NAME)";
				SWIFT_EMIT_LOC_STRINGS = YES;
				SWIFT_VERSION = 5.0;
				TARGETED_DEVICE_FAMILY = "1,2";
			};
			name = Debug;
		};
		189060F529B0F4EE008CE987 /* Release */ = {
			isa = XCBuildConfiguration;
			buildSettings = {
				ASSETCATALOG_COMPILER_APPICON_NAME = AppIcon;
				ASSETCATALOG_COMPILER_GLOBAL_ACCENT_COLOR_NAME = AccentColor;
				CODE_SIGN_STYLE = Automatic;
				CURRENT_PROJECT_VERSION = 1;
				DEVELOPMENT_TEAM = UXXC2M2SGN;
				GENERATE_INFOPLIST_FILE = YES;
				INFOPLIST_FILE = Ozinshe/Info.plist;
				INFOPLIST_KEY_CFBundleDisplayName = Ozinshe;
				INFOPLIST_KEY_UIApplicationSupportsIndirectInputEvents = YES;
				INFOPLIST_KEY_UILaunchStoryboardName = LaunchScreen;
				INFOPLIST_KEY_UIMainStoryboardFile = Main;
				INFOPLIST_KEY_UISupportedInterfaceOrientations = UIInterfaceOrientationPortrait;
				INFOPLIST_KEY_UISupportedInterfaceOrientations_iPad = "UIInterfaceOrientationLandscapeLeft UIInterfaceOrientationLandscapeRight UIInterfaceOrientationPortrait UIInterfaceOrientationPortraitUpsideDown";
				LD_RUNPATH_SEARCH_PATHS = (
					"$(inherited)",
					"@executable_path/Frameworks",
				);
				MARKETING_VERSION = 1.0;
				PRODUCT_BUNDLE_IDENTIFIER = kz.melsuly.Ozinshe;
				PRODUCT_NAME = "$(TARGET_NAME)";
				SWIFT_EMIT_LOC_STRINGS = YES;
				SWIFT_VERSION = 5.0;
				TARGETED_DEVICE_FAMILY = "1,2";
			};
			name = Release;
		};
		189060F729B0F4EE008CE987 /* Debug */ = {
			isa = XCBuildConfiguration;
			buildSettings = {
				ALWAYS_EMBED_SWIFT_STANDARD_LIBRARIES = YES;
				BUNDLE_LOADER = "$(TEST_HOST)";
				CODE_SIGN_STYLE = Automatic;
				CURRENT_PROJECT_VERSION = 1;
				DEVELOPMENT_TEAM = UXXC2M2SGN;
				GENERATE_INFOPLIST_FILE = YES;
				IPHONEOS_DEPLOYMENT_TARGET = 16.2;
				MARKETING_VERSION = 1.0;
				PRODUCT_BUNDLE_IDENTIFIER = kz.melsuly.OzinsheTests;
				PRODUCT_NAME = "$(TARGET_NAME)";
				SWIFT_EMIT_LOC_STRINGS = NO;
				SWIFT_VERSION = 5.0;
				TARGETED_DEVICE_FAMILY = "1,2";
				TEST_HOST = "$(BUILT_PRODUCTS_DIR)/Ozinshe.app/$(BUNDLE_EXECUTABLE_FOLDER_PATH)/Ozinshe";
			};
			name = Debug;
		};
		189060F829B0F4EE008CE987 /* Release */ = {
			isa = XCBuildConfiguration;
			buildSettings = {
				ALWAYS_EMBED_SWIFT_STANDARD_LIBRARIES = YES;
				BUNDLE_LOADER = "$(TEST_HOST)";
				CODE_SIGN_STYLE = Automatic;
				CURRENT_PROJECT_VERSION = 1;
				DEVELOPMENT_TEAM = UXXC2M2SGN;
				GENERATE_INFOPLIST_FILE = YES;
				IPHONEOS_DEPLOYMENT_TARGET = 16.2;
				MARKETING_VERSION = 1.0;
				PRODUCT_BUNDLE_IDENTIFIER = kz.melsuly.OzinsheTests;
				PRODUCT_NAME = "$(TARGET_NAME)";
				SWIFT_EMIT_LOC_STRINGS = NO;
				SWIFT_VERSION = 5.0;
				TARGETED_DEVICE_FAMILY = "1,2";
				TEST_HOST = "$(BUILT_PRODUCTS_DIR)/Ozinshe.app/$(BUNDLE_EXECUTABLE_FOLDER_PATH)/Ozinshe";
			};
			name = Release;
		};
		189060FA29B0F4EE008CE987 /* Debug */ = {
			isa = XCBuildConfiguration;
			buildSettings = {
				ALWAYS_EMBED_SWIFT_STANDARD_LIBRARIES = YES;
				CODE_SIGN_STYLE = Automatic;
				CURRENT_PROJECT_VERSION = 1;
				DEVELOPMENT_TEAM = UXXC2M2SGN;
				GENERATE_INFOPLIST_FILE = YES;
				MARKETING_VERSION = 1.0;
				PRODUCT_BUNDLE_IDENTIFIER = kz.melsuly.OzinsheUITests;
				PRODUCT_NAME = "$(TARGET_NAME)";
				SWIFT_EMIT_LOC_STRINGS = NO;
				SWIFT_VERSION = 5.0;
				TARGETED_DEVICE_FAMILY = "1,2";
				TEST_TARGET_NAME = Ozinshe;
			};
			name = Debug;
		};
		189060FB29B0F4EE008CE987 /* Release */ = {
			isa = XCBuildConfiguration;
			buildSettings = {
				ALWAYS_EMBED_SWIFT_STANDARD_LIBRARIES = YES;
				CODE_SIGN_STYLE = Automatic;
				CURRENT_PROJECT_VERSION = 1;
				DEVELOPMENT_TEAM = UXXC2M2SGN;
				GENERATE_INFOPLIST_FILE = YES;
				MARKETING_VERSION = 1.0;
				PRODUCT_BUNDLE_IDENTIFIER = kz.melsuly.OzinsheUITests;
				PRODUCT_NAME = "$(TARGET_NAME)";
				SWIFT_EMIT_LOC_STRINGS = NO;
				SWIFT_VERSION = 5.0;
				TARGETED_DEVICE_FAMILY = "1,2";
				TEST_TARGET_NAME = Ozinshe;
			};
			name = Release;
		};
/* End XCBuildConfiguration section */

/* Begin XCConfigurationList section */
		189060C429B0F4EC008CE987 /* Build configuration list for PBXProject "Ozinshe" */ = {
			isa = XCConfigurationList;
			buildConfigurations = (
				189060F129B0F4EE008CE987 /* Debug */,
				189060F229B0F4EE008CE987 /* Release */,
			);
			defaultConfigurationIsVisible = 0;
			defaultConfigurationName = Release;
		};
		189060F329B0F4EE008CE987 /* Build configuration list for PBXNativeTarget "Ozinshe" */ = {
			isa = XCConfigurationList;
			buildConfigurations = (
				189060F429B0F4EE008CE987 /* Debug */,
				189060F529B0F4EE008CE987 /* Release */,
			);
			defaultConfigurationIsVisible = 0;
			defaultConfigurationName = Release;
		};
		189060F629B0F4EE008CE987 /* Build configuration list for PBXNativeTarget "OzinsheTests" */ = {
			isa = XCConfigurationList;
			buildConfigurations = (
				189060F729B0F4EE008CE987 /* Debug */,
				189060F829B0F4EE008CE987 /* Release */,
			);
			defaultConfigurationIsVisible = 0;
			defaultConfigurationName = Release;
		};
		189060F929B0F4EE008CE987 /* Build configuration list for PBXNativeTarget "OzinsheUITests" */ = {
			isa = XCConfigurationList;
			buildConfigurations = (
				189060FA29B0F4EE008CE987 /* Debug */,
				189060FB29B0F4EE008CE987 /* Release */,
			);
			defaultConfigurationIsVisible = 0;
			defaultConfigurationName = Release;
		};
/* End XCConfigurationList section */
	};
	rootObject = 189060C129B0F4EC008CE987 /* Project object */;
}
