// !$*UTF8*$!
{
	archiveVersion = 1;
	classes = {
	};
	objectVersion = 56;
	objects = {

/* Begin PBXBuildFile section */
		1819A6542AC45B0B00DDF064 /* AppDelegate.swift in Sources */ = {isa = PBXBuildFile; fileRef = 1819A6532AC45B0B00DDF064 /* AppDelegate.swift */; };
		1819A6562AC45B0B00DDF064 /* SceneDelegate.swift in Sources */ = {isa = PBXBuildFile; fileRef = 1819A6552AC45B0B00DDF064 /* SceneDelegate.swift */; };
		1819A6582AC45B0B00DDF064 /* LoginViewController.swift in Sources */ = {isa = PBXBuildFile; fileRef = 1819A6572AC45B0B00DDF064 /* LoginViewController.swift */; };
		1819A65B2AC45B0B00DDF064 /* Main.storyboard in Resources */ = {isa = PBXBuildFile; fileRef = 1819A6592AC45B0B00DDF064 /* Main.storyboard */; };
		1819A65D2AC45B0C00DDF064 /* Assets.xcassets in Resources */ = {isa = PBXBuildFile; fileRef = 1819A65C2AC45B0C00DDF064 /* Assets.xcassets */; };
		1819A6602AC45B0C00DDF064 /* LaunchScreen.storyboard in Resources */ = {isa = PBXBuildFile; fileRef = 1819A65E2AC45B0C00DDF064 /* LaunchScreen.storyboard */; };
		1819A66E2AC45DAB00DDF064 /* SF-Pro-Display-Bold.otf in Resources */ = {isa = PBXBuildFile; fileRef = 1819A66A2AC45DAA00DDF064 /* SF-Pro-Display-Bold.otf */; };
		1819A66F2AC45DAB00DDF064 /* SF-Pro-Display-Regular.otf in Resources */ = {isa = PBXBuildFile; fileRef = 1819A66B2AC45DAA00DDF064 /* SF-Pro-Display-Regular.otf */; };
		1819A6702AC45DAB00DDF064 /* SF-Pro-Display-Medium.otf in Resources */ = {isa = PBXBuildFile; fileRef = 1819A66C2AC45DAB00DDF064 /* SF-Pro-Display-Medium.otf */; };
		1819A6712AC45DAB00DDF064 /* SF-Pro-Display-Semibold.otf in Resources */ = {isa = PBXBuildFile; fileRef = 1819A66D2AC45DAB00DDF064 /* SF-Pro-Display-Semibold.otf */; };
		1819A6742AC45FCF00DDF064 /* TextFieldWithPadding.swift in Sources */ = {isa = PBXBuildFile; fileRef = 1819A6732AC45FCF00DDF064 /* TextFieldWithPadding.swift */; };
		1877339D2AC4873100D52C5C /* Storage.swift in Sources */ = {isa = PBXBuildFile; fileRef = 1877339C2AC4873100D52C5C /* Storage.swift */; };
		1877339F2AC4933100D52C5C /* ProfileViewController.swift in Sources */ = {isa = PBXBuildFile; fileRef = 1877339E2AC4933100D52C5C /* ProfileViewController.swift */; };
		187733A12AC4982E00D52C5C /* LogoutModalController.swift in Sources */ = {isa = PBXBuildFile; fileRef = 187733A02AC4982E00D52C5C /* LogoutModalController.swift */; };
		187E0A342AC59B8700900207 /* MovieTableViewCell.swift in Sources */ = {isa = PBXBuildFile; fileRef = 187E0A332AC59B8700900207 /* MovieTableViewCell.swift */; };
		187E0A362AC59BC600900207 /* FavoritesTableViewController.swift in Sources */ = {isa = PBXBuildFile; fileRef = 187E0A352AC59BC600900207 /* FavoritesTableViewController.swift */; };
		187E0A392AC5A18A00900207 /* Movie.swift in Sources */ = {isa = PBXBuildFile; fileRef = 187E0A382AC5A18A00900207 /* Movie.swift */; };
		187E0A3B2AC5A28700900207 /* Poster.swift in Sources */ = {isa = PBXBuildFile; fileRef = 187E0A3A2AC5A28700900207 /* Poster.swift */; };
		18CA76DB2AC4A3A3005921AF /* LanguageModalController.swift in Sources */ = {isa = PBXBuildFile; fileRef = 18CA76DA2AC4A3A3005921AF /* LanguageModalController.swift */; };
		18CA76E52AC4AB82005921AF /* Localizable.strings in Resources */ = {isa = PBXBuildFile; fileRef = 18CA76E72AC4AB82005921AF /* Localizable.strings */; };
		18CA76F22AC553F8005921AF /* ChangePasswordViewController.swift in Sources */ = {isa = PBXBuildFile; fileRef = 18CA76F12AC553F8005921AF /* ChangePasswordViewController.swift */; };
		79692888F72E69B45CAEE88B /* Pods_Ozinshe.framework in Frameworks */ = {isa = PBXBuildFile; fileRef = C796C49343A36E61EEF51DD4 /* Pods_Ozinshe.framework */; };
/* End PBXBuildFile section */

/* Begin PBXFileReference section */
		1819A6502AC45B0B00DDF064 /* Ozinshe.app */ = {isa = PBXFileReference; explicitFileType = wrapper.application; includeInIndex = 0; path = Ozinshe.app; sourceTree = BUILT_PRODUCTS_DIR; };
		1819A6532AC45B0B00DDF064 /* AppDelegate.swift */ = {isa = PBXFileReference; lastKnownFileType = sourcecode.swift; path = AppDelegate.swift; sourceTree = "<group>"; };
		1819A6552AC45B0B00DDF064 /* SceneDelegate.swift */ = {isa = PBXFileReference; lastKnownFileType = sourcecode.swift; path = SceneDelegate.swift; sourceTree = "<group>"; };
		1819A6572AC45B0B00DDF064 /* LoginViewController.swift */ = {isa = PBXFileReference; lastKnownFileType = sourcecode.swift; path = LoginViewController.swift; sourceTree = "<group>"; };
		1819A65C2AC45B0C00DDF064 /* Assets.xcassets */ = {isa = PBXFileReference; lastKnownFileType = folder.assetcatalog; path = Assets.xcassets; sourceTree = "<group>"; };
		1819A6612AC45B0C00DDF064 /* Info.plist */ = {isa = PBXFileReference; lastKnownFileType = text.plist.xml; path = Info.plist; sourceTree = "<group>"; };
		1819A66A2AC45DAA00DDF064 /* SF-Pro-Display-Bold.otf */ = {isa = PBXFileReference; lastKnownFileType = file; path = "SF-Pro-Display-Bold.otf"; sourceTree = "<group>"; };
		1819A66B2AC45DAA00DDF064 /* SF-Pro-Display-Regular.otf */ = {isa = PBXFileReference; lastKnownFileType = file; path = "SF-Pro-Display-Regular.otf"; sourceTree = "<group>"; };
		1819A66C2AC45DAB00DDF064 /* SF-Pro-Display-Medium.otf */ = {isa = PBXFileReference; lastKnownFileType = file; path = "SF-Pro-Display-Medium.otf"; sourceTree = "<group>"; };
		1819A66D2AC45DAB00DDF064 /* SF-Pro-Display-Semibold.otf */ = {isa = PBXFileReference; lastKnownFileType = file; path = "SF-Pro-Display-Semibold.otf"; sourceTree = "<group>"; };
		1819A6732AC45FCF00DDF064 /* TextFieldWithPadding.swift */ = {isa = PBXFileReference; lastKnownFileType = sourcecode.swift; path = TextFieldWithPadding.swift; sourceTree = "<group>"; };
		1877339C2AC4873100D52C5C /* Storage.swift */ = {isa = PBXFileReference; lastKnownFileType = sourcecode.swift; path = Storage.swift; sourceTree = "<group>"; };
		1877339E2AC4933100D52C5C /* ProfileViewController.swift */ = {isa = PBXFileReference; lastKnownFileType = sourcecode.swift; path = ProfileViewController.swift; sourceTree = "<group>"; };
		187733A02AC4982E00D52C5C /* LogoutModalController.swift */ = {isa = PBXFileReference; lastKnownFileType = sourcecode.swift; path = LogoutModalController.swift; sourceTree = "<group>"; };
		187E0A332AC59B8700900207 /* MovieTableViewCell.swift */ = {isa = PBXFileReference; lastKnownFileType = sourcecode.swift; path = MovieTableViewCell.swift; sourceTree = "<group>"; };
		187E0A352AC59BC600900207 /* FavoritesTableViewController.swift */ = {isa = PBXFileReference; lastKnownFileType = sourcecode.swift; path = FavoritesTableViewController.swift; sourceTree = "<group>"; };
		187E0A382AC5A18A00900207 /* Movie.swift */ = {isa = PBXFileReference; lastKnownFileType = sourcecode.swift; path = Movie.swift; sourceTree = "<group>"; };
		187E0A3A2AC5A28700900207 /* Poster.swift */ = {isa = PBXFileReference; lastKnownFileType = sourcecode.swift; path = Poster.swift; sourceTree = "<group>"; };
		18CA76DA2AC4A3A3005921AF /* LanguageModalController.swift */ = {isa = PBXFileReference; lastKnownFileType = sourcecode.swift; path = LanguageModalController.swift; sourceTree = "<group>"; };
		18CA76DF2AC4A77C005921AF /* kk */ = {isa = PBXFileReference; lastKnownFileType = file.storyboard; name = kk; path = kk.lproj/Main.storyboard; sourceTree = "<group>"; };
		18CA76E22AC4A839005921AF /* Base */ = {isa = PBXFileReference; lastKnownFileType = file.storyboard; name = Base; path = Base.lproj/LaunchScreen.storyboard; sourceTree = "<group>"; };
		18CA76E62AC4AB82005921AF /* kk */ = {isa = PBXFileReference; lastKnownFileType = text.plist.strings; name = kk; path = kk.lproj/Localizable.strings; sourceTree = "<group>"; };
		18CA76E82AC4AB85005921AF /* en */ = {isa = PBXFileReference; lastKnownFileType = text.plist.strings; name = en; path = en.lproj/Localizable.strings; sourceTree = "<group>"; };
		18CA76E92AC4AB87005921AF /* ru */ = {isa = PBXFileReference; lastKnownFileType = text.plist.strings; name = ru; path = ru.lproj/Localizable.strings; sourceTree = "<group>"; };
		18CA76F12AC553F8005921AF /* ChangePasswordViewController.swift */ = {isa = PBXFileReference; lastKnownFileType = sourcecode.swift; path = ChangePasswordViewController.swift; sourceTree = "<group>"; };
		2A1F8D79B8FE25882F8BD12F /* Pods-Ozinshe.debug.xcconfig */ = {isa = PBXFileReference; includeInIndex = 1; lastKnownFileType = text.xcconfig; name = "Pods-Ozinshe.debug.xcconfig"; path = "Target Support Files/Pods-Ozinshe/Pods-Ozinshe.debug.xcconfig"; sourceTree = "<group>"; };
		C61FDD3DE9E05B68B4B1A307 /* Pods-Ozinshe.release.xcconfig */ = {isa = PBXFileReference; includeInIndex = 1; lastKnownFileType = text.xcconfig; name = "Pods-Ozinshe.release.xcconfig"; path = "Target Support Files/Pods-Ozinshe/Pods-Ozinshe.release.xcconfig"; sourceTree = "<group>"; };
		C796C49343A36E61EEF51DD4 /* Pods_Ozinshe.framework */ = {isa = PBXFileReference; explicitFileType = wrapper.framework; includeInIndex = 0; path = Pods_Ozinshe.framework; sourceTree = BUILT_PRODUCTS_DIR; };
/* End PBXFileReference section */

/* Begin PBXFrameworksBuildPhase section */
		1819A64D2AC45B0B00DDF064 /* Frameworks */ = {
			isa = PBXFrameworksBuildPhase;
			buildActionMask = 2147483647;
			files = (
				79692888F72E69B45CAEE88B /* Pods_Ozinshe.framework in Frameworks */,
			);
			runOnlyForDeploymentPostprocessing = 0;
		};
/* End PBXFrameworksBuildPhase section */

/* Begin PBXGroup section */
		1819A6472AC45B0B00DDF064 = {
			isa = PBXGroup;
			children = (
				1819A6522AC45B0B00DDF064 /* Ozinshe */,
				1819A6512AC45B0B00DDF064 /* Products */,
				427B6644F060500F37A4085E /* Pods */,
				56C66BE16E21D18F8482FAC2 /* Frameworks */,
			);
			sourceTree = "<group>";
		};
		1819A6512AC45B0B00DDF064 /* Products */ = {
			isa = PBXGroup;
			children = (
				1819A6502AC45B0B00DDF064 /* Ozinshe.app */,
			);
			name = Products;
			sourceTree = "<group>";
		};
		1819A6522AC45B0B00DDF064 /* Ozinshe */ = {
			isa = PBXGroup;
			children = (
				1819A6672AC45CAB00DDF064 /* Application */,
				1819A6682AC45CB700DDF064 /* Resources */,
				187E0A372AC5A17D00900207 /* Models */,
				1819A6722AC45FB700DDF064 /* Views */,
				1877339B2AC4849E00D52C5C /* Controllers */,
				1819A6592AC45B0B00DDF064 /* Main.storyboard */,
				1819A6612AC45B0C00DDF064 /* Info.plist */,
			);
			path = Ozinshe;
			sourceTree = "<group>";
		};
		1819A6672AC45CAB00DDF064 /* Application */ = {
			isa = PBXGroup;
			children = (
				1819A6532AC45B0B00DDF064 /* AppDelegate.swift */,
				1819A6552AC45B0B00DDF064 /* SceneDelegate.swift */,
				1877339C2AC4873100D52C5C /* Storage.swift */,
			);
			path = Application;
			sourceTree = "<group>";
		};
		1819A6682AC45CB700DDF064 /* Resources */ = {
			isa = PBXGroup;
			children = (
				1819A6692AC45D8C00DDF064 /* Fonts */,
				1819A65C2AC45B0C00DDF064 /* Assets.xcassets */,
				1819A65E2AC45B0C00DDF064 /* LaunchScreen.storyboard */,
				18CA76E72AC4AB82005921AF /* Localizable.strings */,
			);
			path = Resources;
			sourceTree = "<group>";
		};
		1819A6692AC45D8C00DDF064 /* Fonts */ = {
			isa = PBXGroup;
			children = (
				1819A66A2AC45DAA00DDF064 /* SF-Pro-Display-Bold.otf */,
				1819A66C2AC45DAB00DDF064 /* SF-Pro-Display-Medium.otf */,
				1819A66B2AC45DAA00DDF064 /* SF-Pro-Display-Regular.otf */,
				1819A66D2AC45DAB00DDF064 /* SF-Pro-Display-Semibold.otf */,
			);
			path = Fonts;
			sourceTree = "<group>";
		};
		1819A6722AC45FB700DDF064 /* Views */ = {
			isa = PBXGroup;
			children = (
				1819A6732AC45FCF00DDF064 /* TextFieldWithPadding.swift */,
				187E0A332AC59B8700900207 /* MovieTableViewCell.swift */,
			);
			path = Views;
			sourceTree = "<group>";
		};
		1877339B2AC4849E00D52C5C /* Controllers */ = {
			isa = PBXGroup;
			children = (
				18CA76D92AC4A20C005921AF /* Authorization */,
				18CA76D82AC4A206005921AF /* Profile */,
				187E0A352AC59BC600900207 /* FavoritesTableViewController.swift */,
			);
			path = Controllers;
			sourceTree = "<group>";
		};
		187E0A372AC5A17D00900207 /* Models */ = {
			isa = PBXGroup;
			children = (
				187E0A382AC5A18A00900207 /* Movie.swift */,
				187E0A3A2AC5A28700900207 /* Poster.swift */,
			);
			path = Models;
			sourceTree = "<group>";
		};
		18CA76D82AC4A206005921AF /* Profile */ = {
			isa = PBXGroup;
			children = (
				1877339E2AC4933100D52C5C /* ProfileViewController.swift */,
				187733A02AC4982E00D52C5C /* LogoutModalController.swift */,
				18CA76DA2AC4A3A3005921AF /* LanguageModalController.swift */,
				18CA76F12AC553F8005921AF /* ChangePasswordViewController.swift */,
			);
			path = Profile;
			sourceTree = "<group>";
		};
		18CA76D92AC4A20C005921AF /* Authorization */ = {
			isa = PBXGroup;
			children = (
				1819A6572AC45B0B00DDF064 /* LoginViewController.swift */,
			);
			path = Authorization;
			sourceTree = "<group>";
		};
		427B6644F060500F37A4085E /* Pods */ = {
			isa = PBXGroup;
			children = (
				2A1F8D79B8FE25882F8BD12F /* Pods-Ozinshe.debug.xcconfig */,
				C61FDD3DE9E05B68B4B1A307 /* Pods-Ozinshe.release.xcconfig */,
			);
			path = Pods;
			sourceTree = "<group>";
		};
		56C66BE16E21D18F8482FAC2 /* Frameworks */ = {
			isa = PBXGroup;
			children = (
				C796C49343A36E61EEF51DD4 /* Pods_Ozinshe.framework */,
			);
			name = Frameworks;
			sourceTree = "<group>";
		};
/* End PBXGroup section */

/* Begin PBXNativeTarget section */
		1819A64F2AC45B0B00DDF064 /* Ozinshe */ = {
			isa = PBXNativeTarget;
			buildConfigurationList = 1819A6642AC45B0C00DDF064 /* Build configuration list for PBXNativeTarget "Ozinshe" */;
			buildPhases = (
				CD13C9A4EDED8876CA79DABD /* [CP] Check Pods Manifest.lock */,
				1819A64C2AC45B0B00DDF064 /* Sources */,
				1819A64D2AC45B0B00DDF064 /* Frameworks */,
				1819A64E2AC45B0B00DDF064 /* Resources */,
				027F646DC540EAA010B4994C /* [CP] Embed Pods Frameworks */,
			);
			buildRules = (
			);
			dependencies = (
			);
			name = Ozinshe;
			productName = Ozinshe;
			productReference = 1819A6502AC45B0B00DDF064 /* Ozinshe.app */;
			productType = "com.apple.product-type.application";
		};
/* End PBXNativeTarget section */

/* Begin PBXProject section */
		1819A6482AC45B0B00DDF064 /* Project object */ = {
			isa = PBXProject;
			attributes = {
				BuildIndependentTargetsInParallel = 1;
				LastSwiftUpdateCheck = 1430;
				LastUpgradeCheck = 1430;
				TargetAttributes = {
					1819A64F2AC45B0B00DDF064 = {
						CreatedOnToolsVersion = 14.3.1;
					};
				};
			};
			buildConfigurationList = 1819A64B2AC45B0B00DDF064 /* Build configuration list for PBXProject "Ozinshe" */;
			compatibilityVersion = "Xcode 14.0";
			developmentRegion = kk;
			hasScannedForEncodings = 0;
			knownRegions = (
				en,
				ru,
				kk,
				Base,
			);
			mainGroup = 1819A6472AC45B0B00DDF064;
			productRefGroup = 1819A6512AC45B0B00DDF064 /* Products */;
			projectDirPath = "";
			projectRoot = "";
			targets = (
				1819A64F2AC45B0B00DDF064 /* Ozinshe */,
			);
		};
/* End PBXProject section */

/* Begin PBXResourcesBuildPhase section */
		1819A64E2AC45B0B00DDF064 /* Resources */ = {
			isa = PBXResourcesBuildPhase;
			buildActionMask = 2147483647;
			files = (
				1819A6702AC45DAB00DDF064 /* SF-Pro-Display-Medium.otf in Resources */,
				1819A6602AC45B0C00DDF064 /* LaunchScreen.storyboard in Resources */,
				1819A65D2AC45B0C00DDF064 /* Assets.xcassets in Resources */,
				1819A6712AC45DAB00DDF064 /* SF-Pro-Display-Semibold.otf in Resources */,
				1819A66E2AC45DAB00DDF064 /* SF-Pro-Display-Bold.otf in Resources */,
				18CA76E52AC4AB82005921AF /* Localizable.strings in Resources */,
				1819A66F2AC45DAB00DDF064 /* SF-Pro-Display-Regular.otf in Resources */,
				1819A65B2AC45B0B00DDF064 /* Main.storyboard in Resources */,
			);
			runOnlyForDeploymentPostprocessing = 0;
		};
/* End PBXResourcesBuildPhase section */

/* Begin PBXShellScriptBuildPhase section */
		027F646DC540EAA010B4994C /* [CP] Embed Pods Frameworks */ = {
			isa = PBXShellScriptBuildPhase;
			buildActionMask = 8;
			files = (
			);
			inputFileListPaths = (
				"${PODS_ROOT}/Target Support Files/Pods-Ozinshe/Pods-Ozinshe-frameworks-${CONFIGURATION}-input-files.xcfilelist",
			);
			name = "[CP] Embed Pods Frameworks";
			outputFileListPaths = (
				"${PODS_ROOT}/Target Support Files/Pods-Ozinshe/Pods-Ozinshe-frameworks-${CONFIGURATION}-output-files.xcfilelist",
			);
			runOnlyForDeploymentPostprocessing = 1;
			shellPath = /bin/sh;
			shellScript = "\"${PODS_ROOT}/Target Support Files/Pods-Ozinshe/Pods-Ozinshe-frameworks.sh\"\n";
			showEnvVarsInLog = 0;
		};
		CD13C9A4EDED8876CA79DABD /* [CP] Check Pods Manifest.lock */ = {
			isa = PBXShellScriptBuildPhase;
			buildActionMask = 2147483647;
			files = (
			);
			inputFileListPaths = (
			);
			inputPaths = (
				"${PODS_PODFILE_DIR_PATH}/Podfile.lock",
				"${PODS_ROOT}/Manifest.lock",
			);
			name = "[CP] Check Pods Manifest.lock";
			outputFileListPaths = (
			);
			outputPaths = (
				"$(DERIVED_FILE_DIR)/Pods-Ozinshe-checkManifestLockResult.txt",
			);
			runOnlyForDeploymentPostprocessing = 0;
			shellPath = /bin/sh;
			shellScript = "diff \"${PODS_PODFILE_DIR_PATH}/Podfile.lock\" \"${PODS_ROOT}/Manifest.lock\" > /dev/null\nif [ $? != 0 ] ; then\n    # print error to STDERR\n    echo \"error: The sandbox is not in sync with the Podfile.lock. Run 'pod install' or update your CocoaPods installation.\" >&2\n    exit 1\nfi\n# This output is used by Xcode 'outputs' to avoid re-running this script phase.\necho \"SUCCESS\" > \"${SCRIPT_OUTPUT_FILE_0}\"\n";
			showEnvVarsInLog = 0;
		};
/* End PBXShellScriptBuildPhase section */

/* Begin PBXSourcesBuildPhase section */
		1819A64C2AC45B0B00DDF064 /* Sources */ = {
			isa = PBXSourcesBuildPhase;
			buildActionMask = 2147483647;
			files = (
				187E0A342AC59B8700900207 /* MovieTableViewCell.swift in Sources */,
				1877339F2AC4933100D52C5C /* ProfileViewController.swift in Sources */,
				187E0A392AC5A18A00900207 /* Movie.swift in Sources */,
				1819A6582AC45B0B00DDF064 /* LoginViewController.swift in Sources */,
				1819A6742AC45FCF00DDF064 /* TextFieldWithPadding.swift in Sources */,
				18CA76F22AC553F8005921AF /* ChangePasswordViewController.swift in Sources */,
				187E0A3B2AC5A28700900207 /* Poster.swift in Sources */,
				187E0A362AC59BC600900207 /* FavoritesTableViewController.swift in Sources */,
				1819A6542AC45B0B00DDF064 /* AppDelegate.swift in Sources */,
				187733A12AC4982E00D52C5C /* LogoutModalController.swift in Sources */,
				18CA76DB2AC4A3A3005921AF /* LanguageModalController.swift in Sources */,
				1819A6562AC45B0B00DDF064 /* SceneDelegate.swift in Sources */,
				1877339D2AC4873100D52C5C /* Storage.swift in Sources */,
			);
			runOnlyForDeploymentPostprocessing = 0;
		};
/* End PBXSourcesBuildPhase section */

/* Begin PBXVariantGroup section */
		1819A6592AC45B0B00DDF064 /* Main.storyboard */ = {
			isa = PBXVariantGroup;
			children = (
				18CA76DF2AC4A77C005921AF /* kk */,
			);
			name = Main.storyboard;
			sourceTree = "<group>";
		};
		1819A65E2AC45B0C00DDF064 /* LaunchScreen.storyboard */ = {
			isa = PBXVariantGroup;
			children = (
				18CA76E22AC4A839005921AF /* Base */,
			);
			name = LaunchScreen.storyboard;
			sourceTree = "<group>";
		};
		18CA76E72AC4AB82005921AF /* Localizable.strings */ = {
			isa = PBXVariantGroup;
			children = (
				18CA76E62AC4AB82005921AF /* kk */,
				18CA76E82AC4AB85005921AF /* en */,
				18CA76E92AC4AB87005921AF /* ru */,
			);
			name = Localizable.strings;
			sourceTree = "<group>";
		};
/* End PBXVariantGroup section */

/* Begin XCBuildConfiguration section */
		1819A6622AC45B0C00DDF064 /* Debug */ = {
			isa = XCBuildConfiguration;
			buildSettings = {
				ALWAYS_SEARCH_USER_PATHS = NO;
				CLANG_ANALYZER_LOCALIZABILITY_NONLOCALIZED = YES;
				CLANG_ANALYZER_NONNULL = YES;
				CLANG_ANALYZER_NUMBER_OBJECT_CONVERSION = YES_AGGRESSIVE;
				CLANG_CXX_LANGUAGE_STANDARD = "gnu++20";
				CLANG_ENABLE_MODULES = YES;
				CLANG_ENABLE_OBJC_ARC = YES;
				CLANG_ENABLE_OBJC_WEAK = YES;
				CLANG_WARN_BLOCK_CAPTURE_AUTORELEASING = YES;
				CLANG_WARN_BOOL_CONVERSION = YES;
				CLANG_WARN_COMMA = YES;
				CLANG_WARN_CONSTANT_CONVERSION = YES;
				CLANG_WARN_DEPRECATED_OBJC_IMPLEMENTATIONS = YES;
				CLANG_WARN_DIRECT_OBJC_ISA_USAGE = YES_ERROR;
				CLANG_WARN_DOCUMENTATION_COMMENTS = YES;
				CLANG_WARN_EMPTY_BODY = YES;
				CLANG_WARN_ENUM_CONVERSION = YES;
				CLANG_WARN_INFINITE_RECURSION = YES;
				CLANG_WARN_INT_CONVERSION = YES;
				CLANG_WARN_NON_LITERAL_NULL_CONVERSION = YES;
				CLANG_WARN_OBJC_IMPLICIT_RETAIN_SELF = YES;
				CLANG_WARN_OBJC_LITERAL_CONVERSION = YES;
				CLANG_WARN_OBJC_ROOT_CLASS = YES_ERROR;
				CLANG_WARN_QUOTED_INCLUDE_IN_FRAMEWORK_HEADER = YES;
				CLANG_WARN_RANGE_LOOP_ANALYSIS = YES;
				CLANG_WARN_STRICT_PROTOTYPES = YES;
				CLANG_WARN_SUSPICIOUS_MOVE = YES;
				CLANG_WARN_UNGUARDED_AVAILABILITY = YES_AGGRESSIVE;
				CLANG_WARN_UNREACHABLE_CODE = YES;
				CLANG_WARN__DUPLICATE_METHOD_MATCH = YES;
				COPY_PHASE_STRIP = NO;
				DEBUG_INFORMATION_FORMAT = dwarf;
				ENABLE_STRICT_OBJC_MSGSEND = YES;
				ENABLE_TESTABILITY = YES;
				GCC_C_LANGUAGE_STANDARD = gnu11;
				GCC_DYNAMIC_NO_PIC = NO;
				GCC_NO_COMMON_BLOCKS = YES;
				GCC_OPTIMIZATION_LEVEL = 0;
				GCC_PREPROCESSOR_DEFINITIONS = (
					"DEBUG=1",
					"$(inherited)",
				);
				GCC_WARN_64_TO_32_BIT_CONVERSION = YES;
				GCC_WARN_ABOUT_RETURN_TYPE = YES_ERROR;
				GCC_WARN_UNDECLARED_SELECTOR = YES;
				GCC_WARN_UNINITIALIZED_AUTOS = YES_AGGRESSIVE;
				GCC_WARN_UNUSED_FUNCTION = YES;
				GCC_WARN_UNUSED_VARIABLE = YES;
				IPHONEOS_DEPLOYMENT_TARGET = 16.4;
				MTL_ENABLE_DEBUG_INFO = INCLUDE_SOURCE;
				MTL_FAST_MATH = YES;
				ONLY_ACTIVE_ARCH = YES;
				SDKROOT = iphoneos;
				SWIFT_ACTIVE_COMPILATION_CONDITIONS = DEBUG;
				SWIFT_OPTIMIZATION_LEVEL = "-Onone";
			};
			name = Debug;
		};
		1819A6632AC45B0C00DDF064 /* Release */ = {
			isa = XCBuildConfiguration;
			buildSettings = {
				ALWAYS_SEARCH_USER_PATHS = NO;
				CLANG_ANALYZER_LOCALIZABILITY_NONLOCALIZED = YES;
				CLANG_ANALYZER_NONNULL = YES;
				CLANG_ANALYZER_NUMBER_OBJECT_CONVERSION = YES_AGGRESSIVE;
				CLANG_CXX_LANGUAGE_STANDARD = "gnu++20";
				CLANG_ENABLE_MODULES = YES;
				CLANG_ENABLE_OBJC_ARC = YES;
				CLANG_ENABLE_OBJC_WEAK = YES;
				CLANG_WARN_BLOCK_CAPTURE_AUTORELEASING = YES;
				CLANG_WARN_BOOL_CONVERSION = YES;
				CLANG_WARN_COMMA = YES;
				CLANG_WARN_CONSTANT_CONVERSION = YES;
				CLANG_WARN_DEPRECATED_OBJC_IMPLEMENTATIONS = YES;
				CLANG_WARN_DIRECT_OBJC_ISA_USAGE = YES_ERROR;
				CLANG_WARN_DOCUMENTATION_COMMENTS = YES;
				CLANG_WARN_EMPTY_BODY = YES;
				CLANG_WARN_ENUM_CONVERSION = YES;
				CLANG_WARN_INFINITE_RECURSION = YES;
				CLANG_WARN_INT_CONVERSION = YES;
				CLANG_WARN_NON_LITERAL_NULL_CONVERSION = YES;
				CLANG_WARN_OBJC_IMPLICIT_RETAIN_SELF = YES;
				CLANG_WARN_OBJC_LITERAL_CONVERSION = YES;
				CLANG_WARN_OBJC_ROOT_CLASS = YES_ERROR;
				CLANG_WARN_QUOTED_INCLUDE_IN_FRAMEWORK_HEADER = YES;
				CLANG_WARN_RANGE_LOOP_ANALYSIS = YES;
				CLANG_WARN_STRICT_PROTOTYPES = YES;
				CLANG_WARN_SUSPICIOUS_MOVE = YES;
				CLANG_WARN_UNGUARDED_AVAILABILITY = YES_AGGRESSIVE;
				CLANG_WARN_UNREACHABLE_CODE = YES;
				CLANG_WARN__DUPLICATE_METHOD_MATCH = YES;
				COPY_PHASE_STRIP = NO;
				DEBUG_INFORMATION_FORMAT = "dwarf-with-dsym";
				ENABLE_NS_ASSERTIONS = NO;
				ENABLE_STRICT_OBJC_MSGSEND = YES;
				GCC_C_LANGUAGE_STANDARD = gnu11;
				GCC_NO_COMMON_BLOCKS = YES;
				GCC_WARN_64_TO_32_BIT_CONVERSION = YES;
				GCC_WARN_ABOUT_RETURN_TYPE = YES_ERROR;
				GCC_WARN_UNDECLARED_SELECTOR = YES;
				GCC_WARN_UNINITIALIZED_AUTOS = YES_AGGRESSIVE;
				GCC_WARN_UNUSED_FUNCTION = YES;
				GCC_WARN_UNUSED_VARIABLE = YES;
				IPHONEOS_DEPLOYMENT_TARGET = 16.4;
				MTL_ENABLE_DEBUG_INFO = NO;
				MTL_FAST_MATH = YES;
				SDKROOT = iphoneos;
				SWIFT_COMPILATION_MODE = wholemodule;
				SWIFT_OPTIMIZATION_LEVEL = "-O";
				VALIDATE_PRODUCT = YES;
			};
			name = Release;
		};
		1819A6652AC45B0C00DDF064 /* Debug */ = {
			isa = XCBuildConfiguration;
			baseConfigurationReference = 2A1F8D79B8FE25882F8BD12F /* Pods-Ozinshe.debug.xcconfig */;
			buildSettings = {
				ASSETCATALOG_COMPILER_APPICON_NAME = AppIcon;
				ASSETCATALOG_COMPILER_GLOBAL_ACCENT_COLOR_NAME = AccentColor;
				CODE_SIGN_STYLE = Automatic;
				CURRENT_PROJECT_VERSION = 1;
				GENERATE_INFOPLIST_FILE = YES;
				INFOPLIST_FILE = Ozinshe/Info.plist;
				INFOPLIST_KEY_CFBundleDisplayName = "ÖZINŞE";
				INFOPLIST_KEY_LSApplicationCategoryType = "public.app-category.entertainment";
				INFOPLIST_KEY_UIApplicationSupportsIndirectInputEvents = YES;
				INFOPLIST_KEY_UILaunchStoryboardName = LaunchScreen.storyboard;
				INFOPLIST_KEY_UIMainStoryboardFile = Main;
				INFOPLIST_KEY_UISupportedInterfaceOrientations = UIInterfaceOrientationPortrait;
				INFOPLIST_KEY_UISupportedInterfaceOrientations_iPad = "UIInterfaceOrientationLandscapeLeft UIInterfaceOrientationLandscapeRight UIInterfaceOrientationPortrait UIInterfaceOrientationPortraitUpsideDown";
				IPHONEOS_DEPLOYMENT_TARGET = 16.0;
				LD_RUNPATH_SEARCH_PATHS = (
					"$(inherited)",
					"@executable_path/Frameworks",
				);
				MARKETING_VERSION = 1.0.0;
				PRODUCT_BUNDLE_IDENTIFIER = kz.mobydev.Ozinshe;
				PRODUCT_NAME = "$(TARGET_NAME)";
				SUPPORTED_PLATFORMS = "iphoneos iphonesimulator";
				SUPPORTS_MACCATALYST = NO;
				SUPPORTS_MAC_DESIGNED_FOR_IPHONE_IPAD = NO;
				SWIFT_EMIT_LOC_STRINGS = YES;
				SWIFT_VERSION = 5.0;
				TARGETED_DEVICE_FAMILY = 1;
			};
			name = Debug;
		};
		1819A6662AC45B0C00DDF064 /* Release */ = {
			isa = XCBuildConfiguration;
			baseConfigurationReference = C61FDD3DE9E05B68B4B1A307 /* Pods-Ozinshe.release.xcconfig */;
			buildSettings = {
				ASSETCATALOG_COMPILER_APPICON_NAME = AppIcon;
				ASSETCATALOG_COMPILER_GLOBAL_ACCENT_COLOR_NAME = AccentColor;
				CODE_SIGN_STYLE = Automatic;
				CURRENT_PROJECT_VERSION = 1;
				GENERATE_INFOPLIST_FILE = YES;
				INFOPLIST_FILE = Ozinshe/Info.plist;
				INFOPLIST_KEY_CFBundleDisplayName = "ÖZINŞE";
				INFOPLIST_KEY_LSApplicationCategoryType = "public.app-category.entertainment";
				INFOPLIST_KEY_UIApplicationSupportsIndirectInputEvents = YES;
				INFOPLIST_KEY_UILaunchStoryboardName = LaunchScreen.storyboard;
				INFOPLIST_KEY_UIMainStoryboardFile = Main;
				INFOPLIST_KEY_UISupportedInterfaceOrientations = UIInterfaceOrientationPortrait;
				INFOPLIST_KEY_UISupportedInterfaceOrientations_iPad = "UIInterfaceOrientationLandscapeLeft UIInterfaceOrientationLandscapeRight UIInterfaceOrientationPortrait UIInterfaceOrientationPortraitUpsideDown";
				IPHONEOS_DEPLOYMENT_TARGET = 16.0;
				LD_RUNPATH_SEARCH_PATHS = (
					"$(inherited)",
					"@executable_path/Frameworks",
				);
				MARKETING_VERSION = 1.0.0;
				PRODUCT_BUNDLE_IDENTIFIER = kz.mobydev.Ozinshe;
				PRODUCT_NAME = "$(TARGET_NAME)";
				SUPPORTED_PLATFORMS = "iphoneos iphonesimulator";
				SUPPORTS_MACCATALYST = NO;
				SUPPORTS_MAC_DESIGNED_FOR_IPHONE_IPAD = NO;
				SWIFT_EMIT_LOC_STRINGS = YES;
				SWIFT_VERSION = 5.0;
				TARGETED_DEVICE_FAMILY = 1;
			};
			name = Release;
		};
/* End XCBuildConfiguration section */

/* Begin XCConfigurationList section */
		1819A64B2AC45B0B00DDF064 /* Build configuration list for PBXProject "Ozinshe" */ = {
			isa = XCConfigurationList;
			buildConfigurations = (
				1819A6622AC45B0C00DDF064 /* Debug */,
				1819A6632AC45B0C00DDF064 /* Release */,
			);
			defaultConfigurationIsVisible = 0;
			defaultConfigurationName = Release;
		};
		1819A6642AC45B0C00DDF064 /* Build configuration list for PBXNativeTarget "Ozinshe" */ = {
			isa = XCConfigurationList;
			buildConfigurations = (
				1819A6652AC45B0C00DDF064 /* Debug */,
				1819A6662AC45B0C00DDF064 /* Release */,
			);
			defaultConfigurationIsVisible = 0;
			defaultConfigurationName = Release;
		};
/* End XCConfigurationList section */
	};
	rootObject = 1819A6482AC45B0B00DDF064 /* Project object */;
}
